// !$*UTF8*$!
{
	archiveVersion = 1;
	classes = {
	};
	objectVersion = 77;
	objects = {

/* Begin PBXBuildFile section */
		FF4EAD212EF87D0D00839E3B /* FirebaseCore in Frameworks */ = {isa = PBXBuildFile; productRef = FF4EAD202EF87D0D00839E3B /* FirebaseCore */; };
		FF4EAD232EF87D0D00839E3B /* FirebaseFirestore in Frameworks */ = {isa = PBXBuildFile; productRef = FF4EAD222EF87D0D00839E3B /* FirebaseFirestore */; };
		FF4EAD252EF87D0D00839E3B /* FirebaseStorage in Frameworks */ = {isa = PBXBuildFile; productRef = FF4EAD242EF87D0D00839E3B /* FirebaseStorage */; };
		FF4EAD272EF87D0D00839E3B /* FirebaseStorageCombine-Community in Frameworks */ = {isa = PBXBuildFile; productRef = FF4EAD262EF87D0D00839E3B /* FirebaseStorageCombine-Community */; };
		FF5D4CC32EF353840080E526 /* GoogleSignIn in Frameworks */ = {isa = PBXBuildFile; productRef = FF5D4CC22EF353840080E526 /* GoogleSignIn */; };
		FF5D4CC52EF353840080E526 /* GoogleSignInSwift in Frameworks */ = {isa = PBXBuildFile; productRef = FF5D4CC42EF353840080E526 /* GoogleSignInSwift */; };
		FF5D4D842EF458DE0080E526 /* Kingfisher in Frameworks */ = {isa = PBXBuildFile; productRef = FF5D4D832EF458DE0080E526 /* Kingfisher */; };
		FF6103E32EC60CBD00A81139 /* Alamofire in Frameworks */ = {isa = PBXBuildFile; productRef = FF6103E22EC60CBD00A81139 /* Alamofire */; };
		FF6B00B52EE1977F0068540D /* Cosmos in Frameworks */ = {isa = PBXBuildFile; productRef = FF6B00B42EE1977F0068540D /* Cosmos */; };
/* End PBXBuildFile section */

/* Begin PBXFileReference section */
		FF70C36F2EBE190C004CFC77 /* medoraApp.app */ = {isa = PBXFileReference; explicitFileType = wrapper.application; includeInIndex = 0; path = medoraApp.app; sourceTree = BUILT_PRODUCTS_DIR; };
/* End PBXFileReference section */

/* Begin PBXFileSystemSynchronizedBuildFileExceptionSet section */
		FF70C3812EBE190D004CFC77 /* Exceptions for "medoraApp" folder in "medoraApp" target */ = {
			isa = PBXFileSystemSynchronizedBuildFileExceptionSet;
			membershipExceptions = (
				Info.plist,
			);
			target = FF70C36E2EBE190C004CFC77 /* medoraApp */;
		};
/* End PBXFileSystemSynchronizedBuildFileExceptionSet section */

/* Begin PBXFileSystemSynchronizedRootGroup section */
		FF70C3712EBE190C004CFC77 /* medoraApp */ = {
			isa = PBXFileSystemSynchronizedRootGroup;
			exceptions = (
				FF70C3812EBE190D004CFC77 /* Exceptions for "medoraApp" folder in "medoraApp" target */,
			);
			path = medoraApp;
			sourceTree = "<group>";
		};
/* End PBXFileSystemSynchronizedRootGroup section */

/* Begin PBXFrameworksBuildPhase section */
		FF70C36C2EBE190C004CFC77 /* Frameworks */ = {
			isa = PBXFrameworksBuildPhase;
			buildActionMask = 2147483647;
			files = (
				FF6B00B52EE1977F0068540D /* Cosmos in Frameworks */,
				FF6103E32EC60CBD00A81139 /* Alamofire in Frameworks */,
				FF5D4CC32EF353840080E526 /* GoogleSignIn in Frameworks */,
				FF5D4CC52EF353840080E526 /* GoogleSignInSwift in Frameworks */,
				FF4EAD212EF87D0D00839E3B /* FirebaseCore in Frameworks */,
				FF4EAD252EF87D0D00839E3B /* FirebaseStorage in Frameworks */,
				FF5D4D842EF458DE0080E526 /* Kingfisher in Frameworks */,
				FF4EAD272EF87D0D00839E3B /* FirebaseStorageCombine-Community in Frameworks */,
				FF4EAD232EF87D0D00839E3B /* FirebaseFirestore in Frameworks */,
			);
			runOnlyForDeploymentPostprocessing = 0;
		};
/* End PBXFrameworksBuildPhase section */

/* Begin PBXGroup section */
		FF70C3662EBE190C004CFC77 = {
			isa = PBXGroup;
			children = (
				FF70C3712EBE190C004CFC77 /* medoraApp */,
				FF70C3702EBE190C004CFC77 /* Products */,
			);
			sourceTree = "<group>";
		};
		FF70C3702EBE190C004CFC77 /* Products */ = {
			isa = PBXGroup;
			children = (
				FF70C36F2EBE190C004CFC77 /* medoraApp.app */,
			);
			name = Products;
			sourceTree = "<group>";
		};
/* End PBXGroup section */

/* Begin PBXNativeTarget section */
		FF70C36E2EBE190C004CFC77 /* medoraApp */ = {
			isa = PBXNativeTarget;
			buildConfigurationList = FF70C3822EBE190D004CFC77 /* Build configuration list for PBXNativeTarget "medoraApp" */;
			buildPhases = (
				FF70C36B2EBE190C004CFC77 /* Sources */,
				FF70C36C2EBE190C004CFC77 /* Frameworks */,
				FF70C36D2EBE190C004CFC77 /* Resources */,
			);
			buildRules = (
			);
			dependencies = (
			);
			fileSystemSynchronizedGroups = (
				FF70C3712EBE190C004CFC77 /* medoraApp */,
			);
			name = medoraApp;
			packageProductDependencies = (
				FF6103E22EC60CBD00A81139 /* Alamofire */,
				FF6B00B42EE1977F0068540D /* Cosmos */,
				FF5D4CC22EF353840080E526 /* GoogleSignIn */,
				FF5D4CC42EF353840080E526 /* GoogleSignInSwift */,
				FF5D4D832EF458DE0080E526 /* Kingfisher */,
				FF4EAD202EF87D0D00839E3B /* FirebaseCore */,
				FF4EAD222EF87D0D00839E3B /* FirebaseFirestore */,
				FF4EAD242EF87D0D00839E3B /* FirebaseStorage */,
				FF4EAD262EF87D0D00839E3B /* FirebaseStorageCombine-Community */,
			);
			productName = medoraApp;
			productReference = FF70C36F2EBE190C004CFC77 /* medoraApp.app */;
			productType = "com.apple.product-type.application";
		};
/* End PBXNativeTarget section */

/* Begin PBXProject section */
		FF70C3672EBE190C004CFC77 /* Project object */ = {
			isa = PBXProject;
			attributes = {
				BuildIndependentTargetsInParallel = 1;
				LastSwiftUpdateCheck = 1620;
				LastUpgradeCheck = 1620;
				TargetAttributes = {
					FF70C36E2EBE190C004CFC77 = {
						CreatedOnToolsVersion = 16.2;
					};
				};
			};
			buildConfigurationList = FF70C36A2EBE190C004CFC77 /* Build configuration list for PBXProject "medoraApp" */;
			developmentRegion = en;
			hasScannedForEncodings = 0;
			knownRegions = (
				en,
				Base,
			);
			mainGroup = FF70C3662EBE190C004CFC77;
			minimizedProjectReferenceProxies = 1;
			packageReferences = (
				FF6103E12EC60CBD00A81139 /* XCRemoteSwiftPackageReference "Alamofire" */,
				FF6B00B32EE1977F0068540D /* XCRemoteSwiftPackageReference "Cosmos" */,
				FF5D4CC12EF353840080E526 /* XCRemoteSwiftPackageReference "GoogleSignIn-iOS" */,
				FF5D4D822EF458DE0080E526 /* XCRemoteSwiftPackageReference "Kingfisher" */,
				FF4EAD1F2EF87D0D00839E3B /* XCRemoteSwiftPackageReference "firebase-ios-sdk" */,
			);
			preferredProjectObjectVersion = 77;
			productRefGroup = FF70C3702EBE190C004CFC77 /* Products */;
			projectDirPath = "";
			projectRoot = "";
			targets = (
				FF70C36E2EBE190C004CFC77 /* medoraApp */,
			);
		};
/* End PBXProject section */

/* Begin PBXResourcesBuildPhase section */
		FF70C36D2EBE190C004CFC77 /* Resources */ = {
			isa = PBXResourcesBuildPhase;
			buildActionMask = 2147483647;
			files = (
			);
			runOnlyForDeploymentPostprocessing = 0;
		};
/* End PBXResourcesBuildPhase section */

/* Begin PBXSourcesBuildPhase section */
		FF70C36B2EBE190C004CFC77 /* Sources */ = {
			isa = PBXSourcesBuildPhase;
			buildActionMask = 2147483647;
			files = (
			);
			runOnlyForDeploymentPostprocessing = 0;
		};
/* End PBXSourcesBuildPhase section */

/* Begin XCBuildConfiguration section */
		FF70C3832EBE190D004CFC77 /* Debug */ = {
			isa = XCBuildConfiguration;
			buildSettings = {
				ASSETCATALOG_COMPILER_APPICON_NAME = AppIcon;
				ASSETCATALOG_COMPILER_GLOBAL_ACCENT_COLOR_NAME = AccentColor;
				CODE_SIGN_STYLE = Automatic;
				CURRENT_PROJECT_VERSION = 1;
				DEVELOPMENT_TEAM = 9826TSD2QK;
				GENERATE_INFOPLIST_FILE = YES;
				INFOPLIST_FILE = medoraApp/Info.plist;
				INFOPLIST_KEY_UIApplicationSupportsIndirectInputEvents = YES;
				INFOPLIST_KEY_UILaunchStoryboardName = LaunchScreen;
				INFOPLIST_KEY_UISupportedInterfaceOrientations_iPad = "UIInterfaceOrientationPortrait UIInterfaceOrientationPortraitUpsideDown UIInterfaceOrientationLandscapeLeft UIInterfaceOrientationLandscapeRight";
				INFOPLIST_KEY_UISupportedInterfaceOrientations_iPhone = "UIInterfaceOrientationPortrait UIInterfaceOrientationLandscapeLeft UIInterfaceOrientationLandscapeRight";
				LD_RUNPATH_SEARCH_PATHS = (
					"$(inherited)",
					"@executable_path/Frameworks",
				);
				MARKETING_VERSION = 1.0;
				PRODUCT_BUNDLE_IDENTIFIER = co.nazrin.medoraApp;
				PRODUCT_NAME = "$(TARGET_NAME)";
				SWIFT_EMIT_LOC_STRINGS = YES;
				SWIFT_VERSION = 5.0;
				TARGETED_DEVICE_FAMILY = "1,2";
			};
			name = Debug;
		};
		FF70C3842EBE190D004CFC77 /* Release */ = {
			isa = XCBuildConfiguration;
			buildSettings = {
				ASSETCATALOG_COMPILER_APPICON_NAME = AppIcon;
				ASSETCATALOG_COMPILER_GLOBAL_ACCENT_COLOR_NAME = AccentColor;
				CODE_SIGN_STYLE = Automatic;
				CURRENT_PROJECT_VERSION = 1;
				DEVELOPMENT_TEAM = 9826TSD2QK;
				GENERATE_INFOPLIST_FILE = YES;
				INFOPLIST_FILE = medoraApp/Info.plist;
				INFOPLIST_KEY_UIApplicationSupportsIndirectInputEvents = YES;
				INFOPLIST_KEY_UILaunchStoryboardName = LaunchScreen;
				INFOPLIST_KEY_UISupportedInterfaceOrientations_iPad = "UIInterfaceOrientationPortrait UIInterfaceOrientationPortraitUpsideDown UIInterfaceOrientationLandscapeLeft UIInterfaceOrientationLandscapeRight";
				INFOPLIST_KEY_UISupportedInterfaceOrientations_iPhone = "UIInterfaceOrientationPortrait UIInterfaceOrientationLandscapeLeft UIInterfaceOrientationLandscapeRight";
				LD_RUNPATH_SEARCH_PATHS = (
					"$(inherited)",
					"@executable_path/Frameworks",
				);
				MARKETING_VERSION = 1.0;
				PRODUCT_BUNDLE_IDENTIFIER = co.nazrin.medoraApp;
				PRODUCT_NAME = "$(TARGET_NAME)";
				SWIFT_EMIT_LOC_STRINGS = YES;
				SWIFT_VERSION = 5.0;
				TARGETED_DEVICE_FAMILY = "1,2";
			};
			name = Release;
		};
		FF70C3852EBE190D004CFC77 /* Debug */ = {
			isa = XCBuildConfiguration;
			buildSettings = {
				ALWAYS_SEARCH_USER_PATHS = NO;
				ASSETCATALOG_COMPILER_GENERATE_SWIFT_ASSET_SYMBOL_EXTENSIONS = YES;
				CLANG_ANALYZER_NONNULL = YES;
				CLANG_ANALYZER_NUMBER_OBJECT_CONVERSION = YES_AGGRESSIVE;
				CLANG_CXX_LANGUAGE_STANDARD = "gnu++20";
				CLANG_ENABLE_MODULES = YES;
				CLANG_ENABLE_OBJC_ARC = YES;
				CLANG_ENABLE_OBJC_WEAK = YES;
				CLANG_WARN_BLOCK_CAPTURE_AUTORELEASING = YES;
				CLANG_WARN_BOOL_CONVERSION = YES;
				CLANG_WARN_COMMA = YES;
				CLANG_WARN_CONSTANT_CONVERSION = YES;
				CLANG_WARN_DEPRECATED_OBJC_IMPLEMENTATIONS = YES;
				CLANG_WARN_DIRECT_OBJC_ISA_USAGE = YES_ERROR;
				CLANG_WARN_DOCUMENTATION_COMMENTS = YES;
				CLANG_WARN_EMPTY_BODY = YES;
				CLANG_WARN_ENUM_CONVERSION = YES;
				CLANG_WARN_INFINITE_RECURSION = YES;
				CLANG_WARN_INT_CONVERSION = YES;
				CLANG_WARN_NON_LITERAL_NULL_CONVERSION = YES;
				CLANG_WARN_OBJC_IMPLICIT_RETAIN_SELF = YES;
				CLANG_WARN_OBJC_LITERAL_CONVERSION = YES;
				CLANG_WARN_OBJC_ROOT_CLASS = YES_ERROR;
				CLANG_WARN_QUOTED_INCLUDE_IN_FRAMEWORK_HEADER = YES;
				CLANG_WARN_RANGE_LOOP_ANALYSIS = YES;
				CLANG_WARN_STRICT_PROTOTYPES = YES;
				CLANG_WARN_SUSPICIOUS_MOVE = YES;
				CLANG_WARN_UNGUARDED_AVAILABILITY = YES_AGGRESSIVE;
				CLANG_WARN_UNREACHABLE_CODE = YES;
				CLANG_WARN__DUPLICATE_METHOD_MATCH = YES;
				COPY_PHASE_STRIP = NO;
				DEBUG_INFORMATION_FORMAT = dwarf;
				ENABLE_STRICT_OBJC_MSGSEND = YES;
				ENABLE_TESTABILITY = YES;
				ENABLE_USER_SCRIPT_SANDBOXING = YES;
				GCC_C_LANGUAGE_STANDARD = gnu17;
				GCC_DYNAMIC_NO_PIC = NO;
				GCC_NO_COMMON_BLOCKS = YES;
				GCC_OPTIMIZATION_LEVEL = 0;
				GCC_PREPROCESSOR_DEFINITIONS = (
					"DEBUG=1",
					"$(inherited)",
				);
				GCC_WARN_64_TO_32_BIT_CONVERSION = YES;
				GCC_WARN_ABOUT_RETURN_TYPE = YES_ERROR;
				GCC_WARN_UNDECLARED_SELECTOR = YES;
				GCC_WARN_UNINITIALIZED_AUTOS = YES_AGGRESSIVE;
				GCC_WARN_UNUSED_FUNCTION = YES;
				GCC_WARN_UNUSED_VARIABLE = YES;
				IPHONEOS_DEPLOYMENT_TARGET = 18.2;
				LOCALIZATION_PREFERS_STRING_CATALOGS = YES;
				MTL_ENABLE_DEBUG_INFO = INCLUDE_SOURCE;
				MTL_FAST_MATH = YES;
				ONLY_ACTIVE_ARCH = YES;
				SDKROOT = iphoneos;
				SWIFT_ACTIVE_COMPILATION_CONDITIONS = "DEBUG $(inherited)";
				SWIFT_OPTIMIZATION_LEVEL = "-Onone";
			};
			name = Debug;
		};
		FF70C3862EBE190D004CFC77 /* Release */ = {
			isa = XCBuildConfiguration;
			buildSettings = {
				ALWAYS_SEARCH_USER_PATHS = NO;
				ASSETCATALOG_COMPILER_GENERATE_SWIFT_ASSET_SYMBOL_EXTENSIONS = YES;
				CLANG_ANALYZER_NONNULL = YES;
				CLANG_ANALYZER_NUMBER_OBJECT_CONVERSION = YES_AGGRESSIVE;
				CLANG_CXX_LANGUAGE_STANDARD = "gnu++20";
				CLANG_ENABLE_MODULES = YES;
				CLANG_ENABLE_OBJC_ARC = YES;
				CLANG_ENABLE_OBJC_WEAK = YES;
				CLANG_WARN_BLOCK_CAPTURE_AUTORELEASING = YES;
				CLANG_WARN_BOOL_CONVERSION = YES;
				CLANG_WARN_COMMA = YES;
				CLANG_WARN_CONSTANT_CONVERSION = YES;
				CLANG_WARN_DEPRECATED_OBJC_IMPLEMENTATIONS = YES;
				CLANG_WARN_DIRECT_OBJC_ISA_USAGE = YES_ERROR;
				CLANG_WARN_DOCUMENTATION_COMMENTS = YES;
				CLANG_WARN_EMPTY_BODY = YES;
				CLANG_WARN_ENUM_CONVERSION = YES;
				CLANG_WARN_INFINITE_RECURSION = YES;
				CLANG_WARN_INT_CONVERSION = YES;
				CLANG_WARN_NON_LITERAL_NULL_CONVERSION = YES;
				CLANG_WARN_OBJC_IMPLICIT_RETAIN_SELF = YES;
				CLANG_WARN_OBJC_LITERAL_CONVERSION = YES;
				CLANG_WARN_OBJC_ROOT_CLASS = YES_ERROR;
				CLANG_WARN_QUOTED_INCLUDE_IN_FRAMEWORK_HEADER = YES;
				CLANG_WARN_RANGE_LOOP_ANALYSIS = YES;
				CLANG_WARN_STRICT_PROTOTYPES = YES;
				CLANG_WARN_SUSPICIOUS_MOVE = YES;
				CLANG_WARN_UNGUARDED_AVAILABILITY = YES_AGGRESSIVE;
				CLANG_WARN_UNREACHABLE_CODE = YES;
				CLANG_WARN__DUPLICATE_METHOD_MATCH = YES;
				COPY_PHASE_STRIP = NO;
				DEBUG_INFORMATION_FORMAT = "dwarf-with-dsym";
				ENABLE_NS_ASSERTIONS = NO;
				ENABLE_STRICT_OBJC_MSGSEND = YES;
				ENABLE_USER_SCRIPT_SANDBOXING = YES;
				GCC_C_LANGUAGE_STANDARD = gnu17;
				GCC_NO_COMMON_BLOCKS = YES;
				GCC_WARN_64_TO_32_BIT_CONVERSION = YES;
				GCC_WARN_ABOUT_RETURN_TYPE = YES_ERROR;
				GCC_WARN_UNDECLARED_SELECTOR = YES;
				GCC_WARN_UNINITIALIZED_AUTOS = YES_AGGRESSIVE;
				GCC_WARN_UNUSED_FUNCTION = YES;
				GCC_WARN_UNUSED_VARIABLE = YES;
				IPHONEOS_DEPLOYMENT_TARGET = 18.2;
				LOCALIZATION_PREFERS_STRING_CATALOGS = YES;
				MTL_ENABLE_DEBUG_INFO = NO;
				MTL_FAST_MATH = YES;
				SDKROOT = iphoneos;
				SWIFT_COMPILATION_MODE = wholemodule;
				VALIDATE_PRODUCT = YES;
			};
			name = Release;
		};
/* End XCBuildConfiguration section */

/* Begin XCConfigurationList section */
		FF70C36A2EBE190C004CFC77 /* Build configuration list for PBXProject "medoraApp" */ = {
			isa = XCConfigurationList;
			buildConfigurations = (
				FF70C3852EBE190D004CFC77 /* Debug */,
				FF70C3862EBE190D004CFC77 /* Release */,
			);
			defaultConfigurationIsVisible = 0;
			defaultConfigurationName = Release;
		};
		FF70C3822EBE190D004CFC77 /* Build configuration list for PBXNativeTarget "medoraApp" */ = {
			isa = XCConfigurationList;
			buildConfigurations = (
				FF70C3832EBE190D004CFC77 /* Debug */,
				FF70C3842EBE190D004CFC77 /* Release */,
			);
			defaultConfigurationIsVisible = 0;
			defaultConfigurationName = Release;
		};
/* End XCConfigurationList section */

/* Begin XCRemoteSwiftPackageReference section */
		FF4EAD1F2EF87D0D00839E3B /* XCRemoteSwiftPackageReference "firebase-ios-sdk" */ = {
			isa = XCRemoteSwiftPackageReference;
			repositoryURL = "https://github.com/firebase/firebase-ios-sdk";
			requirement = {
				kind = upToNextMajorVersion;
				minimumVersion = 12.7.0;
			};
		};
		FF5D4CC12EF353840080E526 /* XCRemoteSwiftPackageReference "GoogleSignIn-iOS" */ = {
			isa = XCRemoteSwiftPackageReference;
			repositoryURL = "https://github.com/google/GoogleSignIn-iOS";
			requirement = {
				kind = upToNextMajorVersion;
				minimumVersion = 9.0.0;
			};
		};
		FF5D4D822EF458DE0080E526 /* XCRemoteSwiftPackageReference "Kingfisher" */ = {
			isa = XCRemoteSwiftPackageReference;
			repositoryURL = "https://github.com/onevcat/Kingfisher.git";
			requirement = {
				kind = upToNextMajorVersion;
				minimumVersion = 8.6.2;
			};
		};
		FF6103E12EC60CBD00A81139 /* XCRemoteSwiftPackageReference "Alamofire" */ = {
			isa = XCRemoteSwiftPackageReference;
			repositoryURL = "https://github.com/Alamofire/Alamofire.git";
			requirement = {
				kind = upToNextMajorVersion;
				minimumVersion = 5.10.2;
			};
		};
		FF6B00B32EE1977F0068540D /* XCRemoteSwiftPackageReference "Cosmos" */ = {
			isa = XCRemoteSwiftPackageReference;
			repositoryURL = "https://github.com/evgenyneu/Cosmos.git";
			requirement = {
				kind = upToNextMajorVersion;
				minimumVersion = 25.0.1;
			};
		};
/* End XCRemoteSwiftPackageReference section */

/* Begin XCSwiftPackageProductDependency section */
		FF4EAD202EF87D0D00839E3B /* FirebaseCore */ = {
			isa = XCSwiftPackageProductDependency;
			package = FF4EAD1F2EF87D0D00839E3B /* XCRemoteSwiftPackageReference "firebase-ios-sdk" */;
			productName = FirebaseCore;
		};
		FF4EAD222EF87D0D00839E3B /* FirebaseFirestore */ = {
			isa = XCSwiftPackageProductDependency;
			package = FF4EAD1F2EF87D0D00839E3B /* XCRemoteSwiftPackageReference "firebase-ios-sdk" */;
			productName = FirebaseFirestore;
		};
		FF4EAD242EF87D0D00839E3B /* FirebaseStorage */ = {
			isa = XCSwiftPackageProductDependency;
			package = FF4EAD1F2EF87D0D00839E3B /* XCRemoteSwiftPackageReference "firebase-ios-sdk" */;
			productName = FirebaseStorage;
		};
		FF4EAD262EF87D0D00839E3B /* FirebaseStorageCombine-Community */ = {
			isa = XCSwiftPackageProductDependency;
			package = FF4EAD1F2EF87D0D00839E3B /* XCRemoteSwiftPackageReference "firebase-ios-sdk" */;
			productName = "FirebaseStorageCombine-Community";
		};
		FF5D4CC22EF353840080E526 /* GoogleSignIn */ = {
			isa = XCSwiftPackageProductDependency;
			package = FF5D4CC12EF353840080E526 /* XCRemoteSwiftPackageReference "GoogleSignIn-iOS" */;
			productName = GoogleSignIn;
		};
		FF5D4CC42EF353840080E526 /* GoogleSignInSwift */ = {
			isa = XCSwiftPackageProductDependency;
			package = FF5D4CC12EF353840080E526 /* XCRemoteSwiftPackageReference "GoogleSignIn-iOS" */;
			productName = GoogleSignInSwift;
		};
		FF5D4D832EF458DE0080E526 /* Kingfisher */ = {
			isa = XCSwiftPackageProductDependency;
			package = FF5D4D822EF458DE0080E526 /* XCRemoteSwiftPackageReference "Kingfisher" */;
			productName = Kingfisher;
		};
		FF6103E22EC60CBD00A81139 /* Alamofire */ = {
			isa = XCSwiftPackageProductDependency;
			package = FF6103E12EC60CBD00A81139 /* XCRemoteSwiftPackageReference "Alamofire" */;
			productName = Alamofire;
		};
		FF6B00B42EE1977F0068540D /* Cosmos */ = {
			isa = XCSwiftPackageProductDependency;
			package = FF6B00B32EE1977F0068540D /* XCRemoteSwiftPackageReference "Cosmos" */;
			productName = Cosmos;
		};
/* End XCSwiftPackageProductDependency section */
	};
	rootObject = FF70C3672EBE190C004CFC77 /* Project object */;
}
